{
  "name": "nakiri",
  "version": "0.0.1",
  "lockfileVersion": 2,
  "requires": true,
  "packages": {
    "": {
      "name": "nakiri",
      "version": "0.0.1",
      "license": "MIT",
      "dependencies": {
        "fs": "^0.0.1-security",
        "ray-flags": "^0.0.7",
        "sucide": "^1.0.1"
      }
    },
    "node_modules/fs": {
      "version": "0.0.1-security",
      "resolved": "https://registry.npmjs.org/fs/-/fs-0.0.1-security.tgz",
      "integrity": "sha1-invTcYa23d84E/I4WLV+yq9eQdQ="
    },
    "node_modules/ray-flags": {
      "version": "0.0.7",
      "resolved": "https://registry.npmjs.org/ray-flags/-/ray-flags-0.0.7.tgz",
      "integrity": "sha512-v43iQ6dfCr5Vsg89IqzV//oYZ2R3gVtUaefi8nU/YSSlWtCmRY5VLo2hl8iBZOJt1Djo9HWAze+LX2fxWXP5tg=="
    },
    "node_modules/sucide": {
      "version": "1.0.1",
      "resolved": "https://registry.npmjs.org/sucide/-/sucide-1.0.1.tgz",
      "integrity": "sha512-5XpQ9eaxM0jakpDJmENEJVydhTSqtJLg593wdfbm7gZPuKEHcitzbHSB9wpL0wqDpLIRstI42IOedCfsJNhk1Q=="
    }
  },
  "dependencies": {
    "fs": {
      "version": "0.0.1-security",
      "resolved": "https://registry.npmjs.org/fs/-/fs-0.0.1-security.tgz",
      "integrity": "sha1-invTcYa23d84E/I4WLV+yq9eQdQ="
    },
    "ray-flags": {
      "version": "0.0.7",
      "resolved": "https://registry.npmjs.org/ray-flags/-/ray-flags-0.0.7.tgz",
      "integrity": "sha512-v43iQ6dfCr5Vsg89IqzV//oYZ2R3gVtUaefi8nU/YSSlWtCmRY5VLo2hl8iBZOJt1Djo9HWAze+LX2fxWXP5tg=="
    },
    "sucide": {
      "version": "1.0.1",
      "resolved": "https://registry.npmjs.org/sucide/-/sucide-1.0.1.tgz",
      "integrity": "sha512-5XpQ9eaxM0jakpDJmENEJVydhTSqtJLg593wdfbm7gZPuKEHcitzbHSB9wpL0wqDpLIRstI42IOedCfsJNhk1Q=="
    }
  }
}
